
Microsoft Visual Studio Solution File, Format Version 12.00
# Visual Studio Version 16
VisualStudioVersion = 16.0.30907.101
MinimumVisualStudioVersion = 10.0.40219.1
Project("{FAE04EC0-301F-11D3-BF4B-00C04F79EFBC}") = "ConfigMgr", "ConfigMgr\ConfigMgr.csproj", "{05D13212-A334-42A2-BB68-755152D78B10}"
EndProject
Global
	GlobalSection(SolutionConfigurationPlatforms) = preSolution
		Debug|Any CPU = Debug|Any CPU
		Release|Any CPU = Release|Any CPU
	EndGlobalSection
	GlobalSection(ProjectConfigurationPlatforms) = postSolution
		{05D13212-A334-42A2-BB68-755152D78B10}.Debug|Any CPU.ActiveCfg = Debug|Any CPU
		{05D13212-A334-42A2-BB68-755152D78B10}.Debug|Any CPU.Build.0 = Debug|Any CPU
		{05D13212-A334-42A2-BB68-755152D78B10}.Release|Any CPU.ActiveCfg = Release|Any CPU
		{05D13212-A334-42A2-BB68-755152D78B10}.Release|Any CPU.Build.0 = Release|Any CPU
	EndGlobalSection
	GlobalSection(SolutionProperties) = preSolution
		HideSolutionNode = FALSE
	EndGlobalSection
	GlobalSection(ExtensibilityGlobals) = postSolution
		SolutionGuid = {6A185CED-F933-4480-8AA9-E7AD8CB0C57C}
	EndGlobalSection
EndGlobal
